
Microsoft Visual Studio Solution File, Format Version 12.00
# Visual Studio 15
VisualStudioVersion = 15.0.28307.168
MinimumVisualStudioVersion = 10.0.40219.1
Project("{8BC9CEB8-8B4A-11D0-8D11-00A0C91BC942}") = "neural_network_api", "neural_network_api\neural_network_api.vcxproj", "{E3C08EC0-9D8A-4CC0-B6C9-EB2915E11C1C}"
EndProject
Global
	GlobalSection(SolutionConfigurationPlatforms) = preSolution
		Debug|x64 = Debug|x64
		Debug|x86 = Debug|x86
		Release|x64 = Release|x64
		Release|x86 = Release|x86
	EndGlobalSection
	GlobalSection(ProjectConfigurationPlatforms) = postSolution
		{E3C08EC0-9D8A-4CC0-B6C9-EB2915E11C1C}.Debug|x64.ActiveCfg = Debug|x64
		{E3C08EC0-9D8A-4CC0-B6C9-EB2915E11C1C}.Debug|x64.Build.0 = Debug|x64
		{E3C08EC0-9D8A-4CC0-B6C9-EB2915E11C1C}.Debug|x86.ActiveCfg = Debug|Win32
		{E3C08EC0-9D8A-4CC0-B6C9-EB2915E11C1C}.Debug|x86.Build.0 = Debug|Win32
		{E3C08EC0-9D8A-4CC0-B6C9-EB2915E11C1C}.Release|x64.ActiveCfg = Release|x64
		{E3C08EC0-9D8A-4CC0-B6C9-EB2915E11C1C}.Release|x64.Build.0 = Release|x64
		{E3C08EC0-9D8A-4CC0-B6C9-EB2915E11C1C}.Release|x86.ActiveCfg = Release|Win32
		{E3C08EC0-9D8A-4CC0-B6C9-EB2915E11C1C}.Release|x86.Build.0 = Release|Win32
	EndGlobalSection
	GlobalSection(SolutionProperties) = preSolution
		HideSolutionNode = FALSE
	EndGlobalSection
	GlobalSection(ExtensibilityGlobals) = postSolution
		SolutionGuid = {98C4DE4B-1B26-4C53-B78F-CA48550E8E17}
	EndGlobalSection
EndGlobal
