<?xml version="1.0" encoding="utf-8"?>
<Project ToolsVersion="4.0" xmlns="http://schemas.microsoft.com/developer/msbuild/2003">
  <ItemGroup>
    <Filter Include="Source Files">
      <UniqueIdentifier>{4FC737F1-C7A5-4376-A066-2A32D752A2FF}</UniqueIdentifier>
      <Extensions>cpp;c;cc;cxx;def;odl;idl;hpj;bat;asm;asmx</Extensions>
    </Filter>
    <Filter Include="Header Files">
      <UniqueIdentifier>{93995380-89BD-4b04-88EB-625FBE52EBFB}</UniqueIdentifier>
      <Extensions>h;hh;hpp;hxx;hm;inl;inc;ipp;xsd</Extensions>
    </Filter>
    <Filter Include="Resource Files">
      <UniqueIdentifier>{67DA6AB6-F800-4c08-8B7A-83BB121AAD01}</UniqueIdentifier>
      <Extensions>rc;ico;cur;bmp;dlg;rc2;rct;bin;rgs;gif;jpg;jpeg;jpe;resx;tiff;tif;png;wav;mfcribbon-ms</Extensions>
    </Filter>
  </ItemGroup>
  <ItemGroup>
    <ClInclude Include="stdafx.h">
      <Filter>Header Files</Filter>
    </ClInclude>
    <ClInclude Include="targetver.h">
      <Filter>Header Files</Filter>
    </ClInclude>
    <ClInclude Include="batch_iterator.h">
      <Filter>Header Files</Filter>
    </ClInclude>
    <ClInclude Include="conv_ops_2d.h">
      <Filter>Header Files</Filter>
    </ClInclude>
    <ClInclude Include="cost_functions.h">
      <Filter>Header Files</Filter>
    </ClInclude>
    <ClInclude Include="d_matrix.h">
      <Filter>Header Files</Filter>
    </ClInclude>
    <ClInclude Include="instruction_functions.h">
      <Filter>Header Files</Filter>
    </ClInclude>
    <ClInclude Include="instructions_kernel.h">
      <Filter>Header Files</Filter>
    </ClInclude>
    <ClInclude Include="kernel.h">
      <Filter>Header Files</Filter>
    </ClInclude>
    <ClInclude Include="linear_algebra_ops.h">
      <Filter>Header Files</Filter>
    </ClInclude>
    <ClInclude Include="matrix_multiply.h">
      <Filter>Header Files</Filter>
    </ClInclude>
    <ClInclude Include="mnist_data_loader.h">
      <Filter>Header Files</Filter>
    </ClInclude>
    <ClInclude Include="network_model.h">
      <Filter>Header Files</Filter>
    </ClInclude>
    <ClInclude Include="optimiser_kernel.h">
      <Filter>Header Files</Filter>
    </ClInclude>
    <ClInclude Include="optimisers.h">
      <Filter>Header Files</Filter>
    </ClInclude>
    <ClInclude Include="shape.h">
      <Filter>Header Files</Filter>
    </ClInclude>
    <ClInclude Include="tensor.h">
      <Filter>Header Files</Filter>
    </ClInclude>
    <ClInclude Include="timer.h">
      <Filter>Header Files</Filter>
    </ClInclude>
    <ClInclude Include="util.h">
      <Filter>Header Files</Filter>
    </ClInclude>
    <ClInclude Include="analytics.h">
      <Filter>Header Files</Filter>
    </ClInclude>
    <ClInclude Include="cifar_data_loader.h">
      <Filter>Header Files</Filter>
    </ClInclude>
    <ClInclude Include="variable_initialiser.h">
      <Filter>Header Files</Filter>
    </ClInclude>
    <ClInclude Include="layers.h">
      <Filter>Header Files</Filter>
    </ClInclude>
    <ClInclude Include="output_functions.h">
      <Filter>Header Files</Filter>
    </ClInclude>
    <ClInclude Include="graph.h">
      <Filter>Header Files</Filter>
    </ClInclude>
    <ClInclude Include="nn_ops.h">
      <Filter>Header Files</Filter>
    </ClInclude>
    <ClInclude Include="node.h">
      <Filter>Header Files</Filter>
    </ClInclude>
    <ClInclude Include="error_handling.h">
      <Filter>Header Files</Filter>
    </ClInclude>
    <ClInclude Include="operation.h">
      <Filter>Header Files</Filter>
    </ClInclude>
    <ClInclude Include="placeholder.h">
      <Filter>Header Files</Filter>
    </ClInclude>
    <ClInclude Include="hierarchy_image_loader.h">
      <Filter>Header Files</Filter>
    </ClInclude>
  </ItemGroup>
  <ItemGroup>
    <ClCompile Include="analytics.cpp">
      <Filter>Source Files</Filter>
    </ClCompile>
    <ClCompile Include="cost_functions.cpp">
      <Filter>Source Files</Filter>
    </ClCompile>
    <ClCompile Include="instruction_functions.cpp">
      <Filter>Source Files</Filter>
    </ClCompile>
    <ClCompile Include="mnist_data_loader.cpp">
      <Filter>Source Files</Filter>
    </ClCompile>
    <ClCompile Include="network_model.cpp">
      <Filter>Source Files</Filter>
    </ClCompile>
    <ClCompile Include="optimisers.cpp">
      <Filter>Source Files</Filter>
    </ClCompile>
    <ClCompile Include="tensor.cpp">
      <Filter>Source Files</Filter>
    </ClCompile>
    <ClCompile Include="timer.cpp">
      <Filter>Source Files</Filter>
    </ClCompile>
    <ClCompile Include="dllmain.cpp">
      <Filter>Source Files</Filter>
    </ClCompile>
    <ClCompile Include="stdafx.cpp">
      <Filter>Source Files</Filter>
    </ClCompile>
    <ClCompile Include="neural_network_api.cpp">
      <Filter>Source Files</Filter>
    </ClCompile>
    <ClCompile Include="output_functions.cpp">
      <Filter>Source Files</Filter>
    </ClCompile>
    <ClCompile Include="nn_ops.cpp">
      <Filter>Source Files</Filter>
    </ClCompile>
    <ClCompile Include="hierarchy_image_loader.cpp">
      <Filter>Source Files</Filter>
    </ClCompile>
  </ItemGroup>
  <ItemGroup>
    <CudaCompile Include="conv_ops_2d.cu">
      <Filter>Source Files</Filter>
    </CudaCompile>
    <CudaCompile Include="instructions_kernel.cu">
      <Filter>Source Files</Filter>
    </CudaCompile>
    <CudaCompile Include="optimiser_kernel.cu">
      <Filter>Source Files</Filter>
    </CudaCompile>
    <CudaCompile Include="matrix_multiply.cu">
      <Filter>Source Files</Filter>
    </CudaCompile>
  </ItemGroup>
  <ItemGroup>
    <None Include="ClassDiagram.cd" />
  </ItemGroup>
</Project>